// !$*UTF8*$!
{
	archiveVersion = 1;
	classes = {
	};
	objectVersion = 50;
	objects = {

/* Begin PBXBuildFile section */
		55C0C63D21622D29003CBFE3 /* AppDelegate.swift in Sources */ = {isa = PBXBuildFile; fileRef = 55C0C63C21622D29003CBFE3 /* AppDelegate.swift */; };
		55C0C63F21622D29003CBFE3 /* ViewController.swift in Sources */ = {isa = PBXBuildFile; fileRef = 55C0C63E21622D29003CBFE3 /* ViewController.swift */; };
		55C0C64121622D2C003CBFE3 /* Assets.xcassets in Resources */ = {isa = PBXBuildFile; fileRef = 55C0C64021622D2C003CBFE3 /* Assets.xcassets */; };
		55C0C64421622D2C003CBFE3 /* Main.storyboard in Resources */ = {isa = PBXBuildFile; fileRef = 55C0C64221622D2C003CBFE3 /* Main.storyboard */; };
		55C0C66821625EB9003CBFE3 /* CryptoCompareAPI.swift in Sources */ = {isa = PBXBuildFile; fileRef = 55C0C64D21625EB9003CBFE3 /* CryptoCompareAPI.swift */; };
		55C0C66921625EB9003CBFE3 /* HTTPParameter.swift in Sources */ = {isa = PBXBuildFile; fileRef = 55C0C65021625EB9003CBFE3 /* HTTPParameter.swift */; };
		55C0C66A21625EB9003CBFE3 /* Result.swift in Sources */ = {isa = PBXBuildFile; fileRef = 55C0C65121625EB9003CBFE3 /* Result.swift */; };
		55C0C66B21625EB9003CBFE3 /* RequestBuilder.swift in Sources */ = {isa = PBXBuildFile; fileRef = 55C0C65221625EB9003CBFE3 /* RequestBuilder.swift */; };
		55C0C66C21625EB9003CBFE3 /* ResponseValidator.swift in Sources */ = {isa = PBXBuildFile; fileRef = 55C0C65321625EB9003CBFE3 /* ResponseValidator.swift */; };
		55C0C66D21625EB9003CBFE3 /* ValueParameter.swift in Sources */ = {isa = PBXBuildFile; fileRef = 55C0C65421625EB9003CBFE3 /* ValueParameter.swift */; };
		55C0C66E21625EB9003CBFE3 /* CryptoCompareResponse.swift in Sources */ = {isa = PBXBuildFile; fileRef = 55C0C65621625EB9003CBFE3 /* CryptoCompareResponse.swift */; };
		55C0C66F21625EB9003CBFE3 /* CoinListResponse.swift in Sources */ = {isa = PBXBuildFile; fileRef = 55C0C65721625EB9003CBFE3 /* CoinListResponse.swift */; };
		55C0C67021625EB9003CBFE3 /* CustomAverageResponse.swift in Sources */ = {isa = PBXBuildFile; fileRef = 55C0C65821625EB9003CBFE3 /* CustomAverageResponse.swift */; };
		55C0C67121625EB9003CBFE3 /* SymbolsFullDataResponse.swift in Sources */ = {isa = PBXBuildFile; fileRef = 55C0C65921625EB9003CBFE3 /* SymbolsFullDataResponse.swift */; };
		55C0C67221625EB9003CBFE3 /* APIRequest.swift in Sources */ = {isa = PBXBuildFile; fileRef = 55C0C65A21625EB9003CBFE3 /* APIRequest.swift */; };
		55C0C67321625EB9003CBFE3 /* CryptoCompareError.swift in Sources */ = {isa = PBXBuildFile; fileRef = 55C0C65B21625EB9003CBFE3 /* CryptoCompareError.swift */; };
		55C0C67421625EB9003CBFE3 /* HistoricalDataResponse.swift in Sources */ = {isa = PBXBuildFile; fileRef = 55C0C65C21625EB9003CBFE3 /* HistoricalDataResponse.swift */; };
		55C0C67521625EB9003CBFE3 /* Exchange.swift in Sources */ = {isa = PBXBuildFile; fileRef = 55C0C65D21625EB9003CBFE3 /* Exchange.swift */; };
		55C0C67621625EB9003CBFE3 /* GetHistoricalDailyRequest.swift in Sources */ = {isa = PBXBuildFile; fileRef = 55C0C65F21625EB9003CBFE3 /* GetHistoricalDailyRequest.swift */; };
		55C0C67721625EB9003CBFE3 /* GetExchangesRequest.swift in Sources */ = {isa = PBXBuildFile; fileRef = 55C0C66021625EB9003CBFE3 /* GetExchangesRequest.swift */; };
		55C0C67821625EB9003CBFE3 /* GetHistoricalHourlyRequest.swift in Sources */ = {isa = PBXBuildFile; fileRef = 55C0C66121625EB9003CBFE3 /* GetHistoricalHourlyRequest.swift */; };
		55C0C67921625EB9003CBFE3 /* GetCoinListRequest.swift in Sources */ = {isa = PBXBuildFile; fileRef = 55C0C66221625EB9003CBFE3 /* GetCoinListRequest.swift */; };
		55C0C67A21625EB9003CBFE3 /* GetSymbolPriceRequest.swift in Sources */ = {isa = PBXBuildFile; fileRef = 55C0C66321625EB9003CBFE3 /* GetSymbolPriceRequest.swift */; };
		55C0C67B21625EB9003CBFE3 /* GetSymbolsPriceRequest.swift in Sources */ = {isa = PBXBuildFile; fileRef = 55C0C66421625EB9003CBFE3 /* GetSymbolsPriceRequest.swift */; };
		55C0C67C21625EB9003CBFE3 /* GetCustomAverageRequest.swift in Sources */ = {isa = PBXBuildFile; fileRef = 55C0C66521625EB9003CBFE3 /* GetCustomAverageRequest.swift */; };
		55C0C67D21625EB9003CBFE3 /* GetSymbolsFullDataRequest.swift in Sources */ = {isa = PBXBuildFile; fileRef = 55C0C66621625EB9003CBFE3 /* GetSymbolsFullDataRequest.swift */; };
		55C0C67E21625EB9003CBFE3 /* Info.plist in Resources */ = {isa = PBXBuildFile; fileRef = 55C0C66721625EB9003CBFE3 /* Info.plist */; };
		55C0C68021625F27003CBFE3 /* EventMonitor.swift in Sources */ = {isa = PBXBuildFile; fileRef = 55C0C67F21625F27003CBFE3 /* EventMonitor.swift */; };
		55C0C688216271ED003CBFE3 /* QuotesViewController.swift in Sources */ = {isa = PBXBuildFile; fileRef = 55C0C687216271ED003CBFE3 /* QuotesViewController.swift */; };
/* End PBXBuildFile section */

/* Begin PBXFileReference section */
		55C0C63921622D29003CBFE3 /* CoinQuotor.app */ = {isa = PBXFileReference; explicitFileType = wrapper.application; includeInIndex = 0; path = CoinQuotor.app; sourceTree = BUILT_PRODUCTS_DIR; };
		55C0C63C21622D29003CBFE3 /* AppDelegate.swift */ = {isa = PBXFileReference; lastKnownFileType = sourcecode.swift; path = AppDelegate.swift; sourceTree = "<group>"; };
		55C0C63E21622D29003CBFE3 /* ViewController.swift */ = {isa = PBXFileReference; lastKnownFileType = sourcecode.swift; path = ViewController.swift; sourceTree = "<group>"; };
		55C0C64021622D2C003CBFE3 /* Assets.xcassets */ = {isa = PBXFileReference; lastKnownFileType = folder.assetcatalog; path = Assets.xcassets; sourceTree = "<group>"; };
		55C0C64321622D2C003CBFE3 /* Base */ = {isa = PBXFileReference; lastKnownFileType = file.storyboard; name = Base; path = Base.lproj/Main.storyboard; sourceTree = "<group>"; };
		55C0C64521622D2C003CBFE3 /* Info.plist */ = {isa = PBXFileReference; lastKnownFileType = text.plist.xml; path = Info.plist; sourceTree = "<group>"; };
		55C0C64621622D2C003CBFE3 /* CoinQuotor.entitlements */ = {isa = PBXFileReference; lastKnownFileType = text.plist.entitlements; path = CoinQuotor.entitlements; sourceTree = "<group>"; };
		55C0C64D21625EB9003CBFE3 /* CryptoCompareAPI.swift */ = {isa = PBXFileReference; fileEncoding = 4; lastKnownFileType = sourcecode.swift; path = CryptoCompareAPI.swift; sourceTree = "<group>"; };
		55C0C64E21625EB9003CBFE3 /* CryptoCompareAPI.h */ = {isa = PBXFileReference; fileEncoding = 4; lastKnownFileType = sourcecode.c.h; path = CryptoCompareAPI.h; sourceTree = "<group>"; };
		55C0C65021625EB9003CBFE3 /* HTTPParameter.swift */ = {isa = PBXFileReference; fileEncoding = 4; lastKnownFileType = sourcecode.swift; path = HTTPParameter.swift; sourceTree = "<group>"; };
		55C0C65121625EB9003CBFE3 /* Result.swift */ = {isa = PBXFileReference; fileEncoding = 4; lastKnownFileType = sourcecode.swift; path = Result.swift; sourceTree = "<group>"; };
		55C0C65221625EB9003CBFE3 /* RequestBuilder.swift */ = {isa = PBXFileReference; fileEncoding = 4; lastKnownFileType = sourcecode.swift; path = RequestBuilder.swift; sourceTree = "<group>"; };
		55C0C65321625EB9003CBFE3 /* ResponseValidator.swift */ = {isa = PBXFileReference; fileEncoding = 4; lastKnownFileType = sourcecode.swift; path = ResponseValidator.swift; sourceTree = "<group>"; };
		55C0C65421625EB9003CBFE3 /* ValueParameter.swift */ = {isa = PBXFileReference; fileEncoding = 4; lastKnownFileType = sourcecode.swift; path = ValueParameter.swift; sourceTree = "<group>"; };
		55C0C65621625EB9003CBFE3 /* CryptoCompareResponse.swift */ = {isa = PBXFileReference; fileEncoding = 4; lastKnownFileType = sourcecode.swift; path = CryptoCompareResponse.swift; sourceTree = "<group>"; };
		55C0C65721625EB9003CBFE3 /* CoinListResponse.swift */ = {isa = PBXFileReference; fileEncoding = 4; lastKnownFileType = sourcecode.swift; path = CoinListResponse.swift; sourceTree = "<group>"; };
		55C0C65821625EB9003CBFE3 /* CustomAverageResponse.swift */ = {isa = PBXFileReference; fileEncoding = 4; lastKnownFileType = sourcecode.swift; path = CustomAverageResponse.swift; sourceTree = "<group>"; };
		55C0C65921625EB9003CBFE3 /* SymbolsFullDataResponse.swift */ = {isa = PBXFileReference; fileEncoding = 4; lastKnownFileType = sourcecode.swift; path = SymbolsFullDataResponse.swift; sourceTree = "<group>"; };
		55C0C65A21625EB9003CBFE3 /* APIRequest.swift */ = {isa = PBXFileReference; fileEncoding = 4; lastKnownFileType = sourcecode.swift; path = APIRequest.swift; sourceTree = "<group>"; };
		55C0C65B21625EB9003CBFE3 /* CryptoCompareError.swift */ = {isa = PBXFileReference; fileEncoding = 4; lastKnownFileType = sourcecode.swift; path = CryptoCompareError.swift; sourceTree = "<group>"; };
		55C0C65C21625EB9003CBFE3 /* HistoricalDataResponse.swift */ = {isa = PBXFileReference; fileEncoding = 4; lastKnownFileType = sourcecode.swift; path = HistoricalDataResponse.swift; sourceTree = "<group>"; };
		55C0C65D21625EB9003CBFE3 /* Exchange.swift */ = {isa = PBXFileReference; fileEncoding = 4; lastKnownFileType = sourcecode.swift; path = Exchange.swift; sourceTree = "<group>"; };
		55C0C65F21625EB9003CBFE3 /* GetHistoricalDailyRequest.swift */ = {isa = PBXFileReference; fileEncoding = 4; lastKnownFileType = sourcecode.swift; path = GetHistoricalDailyRequest.swift; sourceTree = "<group>"; };
		55C0C66021625EB9003CBFE3 /* GetExchangesRequest.swift */ = {isa = PBXFileReference; fileEncoding = 4; lastKnownFileType = sourcecode.swift; path = GetExchangesRequest.swift; sourceTree = "<group>"; };
		55C0C66121625EB9003CBFE3 /* GetHistoricalHourlyRequest.swift */ = {isa = PBXFileReference; fileEncoding = 4; lastKnownFileType = sourcecode.swift; path = GetHistoricalHourlyRequest.swift; sourceTree = "<group>"; };
		55C0C66221625EB9003CBFE3 /* GetCoinListRequest.swift */ = {isa = PBXFileReference; fileEncoding = 4; lastKnownFileType = sourcecode.swift; path = GetCoinListRequest.swift; sourceTree = "<group>"; };
		55C0C66321625EB9003CBFE3 /* GetSymbolPriceRequest.swift */ = {isa = PBXFileReference; fileEncoding = 4; lastKnownFileType = sourcecode.swift; path = GetSymbolPriceRequest.swift; sourceTree = "<group>"; };
		55C0C66421625EB9003CBFE3 /* GetSymbolsPriceRequest.swift */ = {isa = PBXFileReference; fileEncoding = 4; lastKnownFileType = sourcecode.swift; path = GetSymbolsPriceRequest.swift; sourceTree = "<group>"; };
		55C0C66521625EB9003CBFE3 /* GetCustomAverageRequest.swift */ = {isa = PBXFileReference; fileEncoding = 4; lastKnownFileType = sourcecode.swift; path = GetCustomAverageRequest.swift; sourceTree = "<group>"; };
		55C0C66621625EB9003CBFE3 /* GetSymbolsFullDataRequest.swift */ = {isa = PBXFileReference; fileEncoding = 4; lastKnownFileType = sourcecode.swift; path = GetSymbolsFullDataRequest.swift; sourceTree = "<group>"; };
		55C0C66721625EB9003CBFE3 /* Info.plist */ = {isa = PBXFileReference; fileEncoding = 4; lastKnownFileType = text.plist.xml; path = Info.plist; sourceTree = "<group>"; };
		55C0C67F21625F27003CBFE3 /* EventMonitor.swift */ = {isa = PBXFileReference; lastKnownFileType = sourcecode.swift; path = EventMonitor.swift; sourceTree = "<group>"; };
		55C0C687216271ED003CBFE3 /* QuotesViewController.swift */ = {isa = PBXFileReference; lastKnownFileType = sourcecode.swift; path = QuotesViewController.swift; sourceTree = "<group>"; };
/* End PBXFileReference section */

/* Begin PBXFrameworksBuildPhase section */
		55C0C63621622D29003CBFE3 /* Frameworks */ = {
			isa = PBXFrameworksBuildPhase;
			buildActionMask = 2147483647;
			files = (
			);
			runOnlyForDeploymentPostprocessing = 0;
		};
/* End PBXFrameworksBuildPhase section */

/* Begin PBXGroup section */
		55C0C63021622D29003CBFE3 = {
			isa = PBXGroup;
			children = (
				55C0C63B21622D29003CBFE3 /* CoinQuotor */,
				55C0C63A21622D29003CBFE3 /* Products */,
			);
			sourceTree = "<group>";
		};
		55C0C63A21622D29003CBFE3 /* Products */ = {
			isa = PBXGroup;
			children = (
				55C0C63921622D29003CBFE3 /* CoinQuotor.app */,
			);
			name = Products;
			sourceTree = "<group>";
		};
		55C0C63B21622D29003CBFE3 /* CoinQuotor */ = {
			isa = PBXGroup;
			children = (
				55C0C64C21625EB9003CBFE3 /* CryptoCompareAPI */,
				55C0C63C21622D29003CBFE3 /* AppDelegate.swift */,
				55C0C63E21622D29003CBFE3 /* ViewController.swift */,
				55C0C64021622D2C003CBFE3 /* Assets.xcassets */,
				55C0C64221622D2C003CBFE3 /* Main.storyboard */,
				55C0C64521622D2C003CBFE3 /* Info.plist */,
				55C0C64621622D2C003CBFE3 /* CoinQuotor.entitlements */,
				55C0C67F21625F27003CBFE3 /* EventMonitor.swift */,
				55C0C687216271ED003CBFE3 /* QuotesViewController.swift */,
			);
			path = CoinQuotor;
			sourceTree = "<group>";
		};
		55C0C64C21625EB9003CBFE3 /* CryptoCompareAPI */ = {
			isa = PBXGroup;
			children = (
				55C0C64D21625EB9003CBFE3 /* CryptoCompareAPI.swift */,
				55C0C64E21625EB9003CBFE3 /* CryptoCompareAPI.h */,
				55C0C64F21625EB9003CBFE3 /* Utils */,
				55C0C65521625EB9003CBFE3 /* Models */,
				55C0C65E21625EB9003CBFE3 /* Requests */,
				55C0C66721625EB9003CBFE3 /* Info.plist */,
			);
			path = CryptoCompareAPI;
			sourceTree = "<group>";
		};
		55C0C64F21625EB9003CBFE3 /* Utils */ = {
			isa = PBXGroup;
			children = (
				55C0C65021625EB9003CBFE3 /* HTTPParameter.swift */,
				55C0C65121625EB9003CBFE3 /* Result.swift */,
				55C0C65221625EB9003CBFE3 /* RequestBuilder.swift */,
				55C0C65321625EB9003CBFE3 /* ResponseValidator.swift */,
				55C0C65421625EB9003CBFE3 /* ValueParameter.swift */,
			);
			path = Utils;
			sourceTree = "<group>";
		};
		55C0C65521625EB9003CBFE3 /* Models */ = {
			isa = PBXGroup;
			children = (
				55C0C65621625EB9003CBFE3 /* CryptoCompareResponse.swift */,
				55C0C65721625EB9003CBFE3 /* CoinListResponse.swift */,
				55C0C65821625EB9003CBFE3 /* CustomAverageResponse.swift */,
				55C0C65921625EB9003CBFE3 /* SymbolsFullDataResponse.swift */,
				55C0C65A21625EB9003CBFE3 /* APIRequest.swift */,
				55C0C65B21625EB9003CBFE3 /* CryptoCompareError.swift */,
				55C0C65C21625EB9003CBFE3 /* HistoricalDataResponse.swift */,
				55C0C65D21625EB9003CBFE3 /* Exchange.swift */,
			);
			path = Models;
			sourceTree = "<group>";
		};
		55C0C65E21625EB9003CBFE3 /* Requests */ = {
			isa = PBXGroup;
			children = (
				55C0C65F21625EB9003CBFE3 /* GetHistoricalDailyRequest.swift */,
				55C0C66021625EB9003CBFE3 /* GetExchangesRequest.swift */,
				55C0C66121625EB9003CBFE3 /* GetHistoricalHourlyRequest.swift */,
				55C0C66221625EB9003CBFE3 /* GetCoinListRequest.swift */,
				55C0C66321625EB9003CBFE3 /* GetSymbolPriceRequest.swift */,
				55C0C66421625EB9003CBFE3 /* GetSymbolsPriceRequest.swift */,
				55C0C66521625EB9003CBFE3 /* GetCustomAverageRequest.swift */,
				55C0C66621625EB9003CBFE3 /* GetSymbolsFullDataRequest.swift */,
			);
			path = Requests;
			sourceTree = "<group>";
		};
/* End PBXGroup section */

/* Begin PBXNativeTarget section */
		55C0C63821622D29003CBFE3 /* CoinQuotor */ = {
			isa = PBXNativeTarget;
			buildConfigurationList = 55C0C64921622D2C003CBFE3 /* Build configuration list for PBXNativeTarget "CoinQuotor" */;
			buildPhases = (
				55C0C63521622D29003CBFE3 /* Sources */,
				55C0C63621622D29003CBFE3 /* Frameworks */,
				55C0C63721622D29003CBFE3 /* Resources */,
			);
			buildRules = (
			);
			dependencies = (
			);
			name = CoinQuotor;
			productName = CoinQuotor;
			productReference = 55C0C63921622D29003CBFE3 /* CoinQuotor.app */;
			productType = "com.apple.product-type.application";
		};
/* End PBXNativeTarget section */

/* Begin PBXProject section */
		55C0C63121622D29003CBFE3 /* Project object */ = {
			isa = PBXProject;
			attributes = {
				LastSwiftUpdateCheck = 1000;
				LastUpgradeCheck = 1000;
				ORGANIZATIONNAME = syaku;
				TargetAttributes = {
					55C0C63821622D29003CBFE3 = {
						CreatedOnToolsVersion = 10.0;
					};
				};
			};
			buildConfigurationList = 55C0C63421622D29003CBFE3 /* Build configuration list for PBXProject "CoinQuotor" */;
			compatibilityVersion = "Xcode 9.3";
			developmentRegion = en;
			hasScannedForEncodings = 0;
			knownRegions = (
				en,
				Base,
			);
			mainGroup = 55C0C63021622D29003CBFE3;
			productRefGroup = 55C0C63A21622D29003CBFE3 /* Products */;
			projectDirPath = "";
			projectRoot = "";
			targets = (
				55C0C63821622D29003CBFE3 /* CoinQuotor */,
			);
		};
/* End PBXProject section */

/* Begin PBXResourcesBuildPhase section */
		55C0C63721622D29003CBFE3 /* Resources */ = {
			isa = PBXResourcesBuildPhase;
			buildActionMask = 2147483647;
			files = (
				55C0C64121622D2C003CBFE3 /* Assets.xcassets in Resources */,
				55C0C64421622D2C003CBFE3 /* Main.storyboard in Resources */,
				55C0C67E21625EB9003CBFE3 /* Info.plist in Resources */,
			);
			runOnlyForDeploymentPostprocessing = 0;
		};
/* End PBXResourcesBuildPhase section */

/* Begin PBXSourcesBuildPhase section */
		55C0C63521622D29003CBFE3 /* Sources */ = {
			isa = PBXSourcesBuildPhase;
			buildActionMask = 2147483647;
			files = (
				55C0C67421625EB9003CBFE3 /* HistoricalDataResponse.swift in Sources */,
				55C0C67821625EB9003CBFE3 /* GetHistoricalHourlyRequest.swift in Sources */,
				55C0C67C21625EB9003CBFE3 /* GetCustomAverageRequest.swift in Sources */,
				55C0C63F21622D29003CBFE3 /* ViewController.swift in Sources */,
				55C0C67621625EB9003CBFE3 /* GetHistoricalDailyRequest.swift in Sources */,
				55C0C66F21625EB9003CBFE3 /* CoinListResponse.swift in Sources */,
				55C0C67221625EB9003CBFE3 /* APIRequest.swift in Sources */,
				55C0C66A21625EB9003CBFE3 /* Result.swift in Sources */,
				55C0C67021625EB9003CBFE3 /* CustomAverageResponse.swift in Sources */,
				55C0C67D21625EB9003CBFE3 /* GetSymbolsFullDataRequest.swift in Sources */,
				55C0C63D21622D29003CBFE3 /* AppDelegate.swift in Sources */,
				55C0C688216271ED003CBFE3 /* QuotesViewController.swift in Sources */,
				55C0C68021625F27003CBFE3 /* EventMonitor.swift in Sources */,
				55C0C66C21625EB9003CBFE3 /* ResponseValidator.swift in Sources */,
				55C0C67321625EB9003CBFE3 /* CryptoCompareError.swift in Sources */,
				55C0C66B21625EB9003CBFE3 /* RequestBuilder.swift in Sources */,
				55C0C66D21625EB9003CBFE3 /* ValueParameter.swift in Sources */,
				55C0C66E21625EB9003CBFE3 /* CryptoCompareResponse.swift in Sources */,
				55C0C67B21625EB9003CBFE3 /* GetSymbolsPriceRequest.swift in Sources */,
				55C0C67521625EB9003CBFE3 /* Exchange.swift in Sources */,
				55C0C67121625EB9003CBFE3 /* SymbolsFullDataResponse.swift in Sources */,
				55C0C67721625EB9003CBFE3 /* GetExchangesRequest.swift in Sources */,
				55C0C67921625EB9003CBFE3 /* GetCoinListRequest.swift in Sources */,
				55C0C66821625EB9003CBFE3 /* CryptoCompareAPI.swift in Sources */,
				55C0C66921625EB9003CBFE3 /* HTTPParameter.swift in Sources */,
				55C0C67A21625EB9003CBFE3 /* GetSymbolPriceRequest.swift in Sources */,
			);
			runOnlyForDeploymentPostprocessing = 0;
		};
/* End PBXSourcesBuildPhase section */

/* Begin PBXVariantGroup section */
		55C0C64221622D2C003CBFE3 /* Main.storyboard */ = {
			isa = PBXVariantGroup;
			children = (
				55C0C64321622D2C003CBFE3 /* Base */,
			);
			name = Main.storyboard;
			sourceTree = "<group>";
		};
/* End PBXVariantGroup section */

/* Begin XCBuildConfiguration section */
		55C0C64721622D2C003CBFE3 /* Debug */ = {
			isa = XCBuildConfiguration;
			buildSettings = {
				ALWAYS_SEARCH_USER_PATHS = NO;
				CLANG_ANALYZER_NONNULL = YES;
				CLANG_ANALYZER_NUMBER_OBJECT_CONVERSION = YES_AGGRESSIVE;
				CLANG_CXX_LANGUAGE_STANDARD = "gnu++14";
				CLANG_CXX_LIBRARY = "libc++";
				CLANG_ENABLE_MODULES = YES;
				CLANG_ENABLE_OBJC_ARC = YES;
				CLANG_ENABLE_OBJC_WEAK = YES;
				CLANG_WARN_BLOCK_CAPTURE_AUTORELEASING = YES;
				CLANG_WARN_BOOL_CONVERSION = YES;
				CLANG_WARN_COMMA = YES;
				CLANG_WARN_CONSTANT_CONVERSION = YES;
				CLANG_WARN_DEPRECATED_OBJC_IMPLEMENTATIONS = YES;
				CLANG_WARN_DIRECT_OBJC_ISA_USAGE = YES_ERROR;
				CLANG_WARN_DOCUMENTATION_COMMENTS = YES;
				CLANG_WARN_EMPTY_BODY = YES;
				CLANG_WARN_ENUM_CONVERSION = YES;
				CLANG_WARN_INFINITE_RECURSION = YES;
				CLANG_WARN_INT_CONVERSION = YES;
				CLANG_WARN_NON_LITERAL_NULL_CONVERSION = YES;
				CLANG_WARN_OBJC_IMPLICIT_RETAIN_SELF = YES;
				CLANG_WARN_OBJC_LITERAL_CONVERSION = YES;
				CLANG_WARN_OBJC_ROOT_CLASS = YES_ERROR;
				CLANG_WARN_RANGE_LOOP_ANALYSIS = YES;
				CLANG_WARN_STRICT_PROTOTYPES = YES;
				CLANG_WARN_SUSPICIOUS_MOVE = YES;
				CLANG_WARN_UNGUARDED_AVAILABILITY = YES_AGGRESSIVE;
				CLANG_WARN_UNREACHABLE_CODE = YES;
				CLANG_WARN__DUPLICATE_METHOD_MATCH = YES;
				CODE_SIGN_IDENTITY = "-";
				COPY_PHASE_STRIP = NO;
				DEBUG_INFORMATION_FORMAT = dwarf;
				ENABLE_STRICT_OBJC_MSGSEND = YES;
				ENABLE_TESTABILITY = YES;
				GCC_C_LANGUAGE_STANDARD = gnu11;
				GCC_DYNAMIC_NO_PIC = NO;
				GCC_NO_COMMON_BLOCKS = YES;
				GCC_OPTIMIZATION_LEVEL = 0;
				GCC_PREPROCESSOR_DEFINITIONS = (
					"DEBUG=1",
					"$(inherited)",
				);
				GCC_WARN_64_TO_32_BIT_CONVERSION = YES;
				GCC_WARN_ABOUT_RETURN_TYPE = YES_ERROR;
				GCC_WARN_UNDECLARED_SELECTOR = YES;
				GCC_WARN_UNINITIALIZED_AUTOS = YES_AGGRESSIVE;
				GCC_WARN_UNUSED_FUNCTION = YES;
				GCC_WARN_UNUSED_VARIABLE = YES;
				MACOSX_DEPLOYMENT_TARGET = 10.13;
				MTL_ENABLE_DEBUG_INFO = INCLUDE_SOURCE;
				MTL_FAST_MATH = YES;
				ONLY_ACTIVE_ARCH = YES;
				SDKROOT = macosx;
				SWIFT_ACTIVE_COMPILATION_CONDITIONS = DEBUG;
				SWIFT_OPTIMIZATION_LEVEL = "-Onone";
			};
			name = Debug;
		};
		55C0C64821622D2C003CBFE3 /* Release */ = {
			isa = XCBuildConfiguration;
			buildSettings = {
				ALWAYS_SEARCH_USER_PATHS = NO;
				CLANG_ANALYZER_NONNULL = YES;
				CLANG_ANALYZER_NUMBER_OBJECT_CONVERSION = YES_AGGRESSIVE;
				CLANG_CXX_LANGUAGE_STANDARD = "gnu++14";
				CLANG_CXX_LIBRARY = "libc++";
				CLANG_ENABLE_MODULES = YES;
				CLANG_ENABLE_OBJC_ARC = YES;
				CLANG_ENABLE_OBJC_WEAK = YES;
				CLANG_WARN_BLOCK_CAPTURE_AUTORELEASING = YES;
				CLANG_WARN_BOOL_CONVERSION = YES;
				CLANG_WARN_COMMA = YES;
				CLANG_WARN_CONSTANT_CONVERSION = YES;
				CLANG_WARN_DEPRECATED_OBJC_IMPLEMENTATIONS = YES;
				CLANG_WARN_DIRECT_OBJC_ISA_USAGE = YES_ERROR;
				CLANG_WARN_DOCUMENTATION_COMMENTS = YES;
				CLANG_WARN_EMPTY_BODY = YES;
				CLANG_WARN_ENUM_CONVERSION = YES;
				CLANG_WARN_INFINITE_RECURSION = YES;
				CLANG_WARN_INT_CONVERSION = YES;
				CLANG_WARN_NON_LITERAL_NULL_CONVERSION = YES;
				CLANG_WARN_OBJC_IMPLICIT_RETAIN_SELF = YES;
				CLANG_WARN_OBJC_LITERAL_CONVERSION = YES;
				CLANG_WARN_OBJC_ROOT_CLASS = YES_ERROR;
				CLANG_WARN_RANGE_LOOP_ANALYSIS = YES;
				CLANG_WARN_STRICT_PROTOTYPES = YES;
				CLANG_WARN_SUSPICIOUS_MOVE = YES;
				CLANG_WARN_UNGUARDED_AVAILABILITY = YES_AGGRESSIVE;
				CLANG_WARN_UNREACHABLE_CODE = YES;
				CLANG_WARN__DUPLICATE_METHOD_MATCH = YES;
				CODE_SIGN_IDENTITY = "-";
				COPY_PHASE_STRIP = NO;
				DEBUG_INFORMATION_FORMAT = "dwarf-with-dsym";
				ENABLE_NS_ASSERTIONS = NO;
				ENABLE_STRICT_OBJC_MSGSEND = YES;
				GCC_C_LANGUAGE_STANDARD = gnu11;
				GCC_NO_COMMON_BLOCKS = YES;
				GCC_WARN_64_TO_32_BIT_CONVERSION = YES;
				GCC_WARN_ABOUT_RETURN_TYPE = YES_ERROR;
				GCC_WARN_UNDECLARED_SELECTOR = YES;
				GCC_WARN_UNINITIALIZED_AUTOS = YES_AGGRESSIVE;
				GCC_WARN_UNUSED_FUNCTION = YES;
				GCC_WARN_UNUSED_VARIABLE = YES;
				MACOSX_DEPLOYMENT_TARGET = 10.13;
				MTL_ENABLE_DEBUG_INFO = NO;
				MTL_FAST_MATH = YES;
				SDKROOT = macosx;
				SWIFT_COMPILATION_MODE = wholemodule;
				SWIFT_OPTIMIZATION_LEVEL = "-O";
			};
			name = Release;
		};
		55C0C64A21622D2C003CBFE3 /* Debug */ = {
			isa = XCBuildConfiguration;
			buildSettings = {
				ASSETCATALOG_COMPILER_APPICON_NAME = AppIcon;
				CODE_SIGN_STYLE = Automatic;
				COMBINE_HIDPI_IMAGES = YES;
				INFOPLIST_FILE = CoinQuotor/Info.plist;
				LD_RUNPATH_SEARCH_PATHS = (
					"$(inherited)",
					"@executable_path/../Frameworks",
				);
				PRODUCT_BUNDLE_IDENTIFIER = com.zlq4863947.CoinQuotor;
				PRODUCT_NAME = "$(TARGET_NAME)";
				SWIFT_VERSION = 4.2;
			};
			name = Debug;
		};
		55C0C64B21622D2C003CBFE3 /* Release */ = {
			isa = XCBuildConfiguration;
			buildSettings = {
				ASSETCATALOG_COMPILER_APPICON_NAME = AppIcon;
				CODE_SIGN_STYLE = Automatic;
				COMBINE_HIDPI_IMAGES = YES;
				INFOPLIST_FILE = CoinQuotor/Info.plist;
				LD_RUNPATH_SEARCH_PATHS = (
					"$(inherited)",
					"@executable_path/../Frameworks",
				);
				PRODUCT_BUNDLE_IDENTIFIER = com.zlq4863947.CoinQuotor;
				PRODUCT_NAME = "$(TARGET_NAME)";
				SWIFT_VERSION = 4.2;
			};
			name = Release;
		};
/* End XCBuildConfiguration section */

/* Begin XCConfigurationList section */
		55C0C63421622D29003CBFE3 /* Build configuration list for PBXProject "CoinQuotor" */ = {
			isa = XCConfigurationList;
			buildConfigurations = (
				55C0C64721622D2C003CBFE3 /* Debug */,
				55C0C64821622D2C003CBFE3 /* Release */,
			);
			defaultConfigurationIsVisible = 0;
			defaultConfigurationName = Release;
		};
		55C0C64921622D2C003CBFE3 /* Build configuration list for PBXNativeTarget "CoinQuotor" */ = {
			isa = XCConfigurationList;
			buildConfigurations = (
				55C0C64A21622D2C003CBFE3 /* Debug */,
				55C0C64B21622D2C003CBFE3 /* Release */,
			);
			defaultConfigurationIsVisible = 0;
			defaultConfigurationName = Release;
		};
/* End XCConfigurationList section */
	};
	rootObject = 55C0C63121622D29003CBFE3 /* Project object */;
}
